
Microsoft Visual Studio Solution File, Format Version 12.00
# Visual Studio Version 18
VisualStudioVersion = 18.9.12112.369
MinimumVisualStudioVersion = 10.0.40219.1
Project("{FAE04EC0-301F-11D3-BF4B-00C04F79EFBC}") = "SurveyApp", "surveyform\SurveyApp.csproj", "{229C4E2E-8722-4B79-B479-636CD40E4ABB}"
EndProject
Global
	GlobalSection(SolutionConfigurationPlatforms) = preSolution
		Debug|Any CPU = Debug|Any CPU
		Release|Any CPU = Release|Any CPU
	EndGlobalSection
	GlobalSection(ProjectConfigurationPlatforms) = postSolution
		{229C4E2E-8722-4B79-B479-636CD40E4ABB}.Debug|Any CPU.ActiveCfg = Debug|Any CPU
		{229C4E2E-8722-4B79-B479-636CD40E4ABB}.Debug|Any CPU.Build.0 = Debug|Any CPU
		{229C4E2E-8722-4B79-B479-636CD40E4ABB}.Release|Any CPU.ActiveCfg = Release|Any CPU
		{229C4E2E-8722-4B79-B479-636CD40E4ABB}.Release|Any CPU.Build.0 = Release|Any CPU
	EndGlobalSection
	GlobalSection(SolutionProperties) = preSolution
		HideSolutionNode = FALSE
	EndGlobalSection
	GlobalSection(ExtensibilityGlobals) = postSolution
		SolutionGuid = {D5CA0547-6354-4256-A577-0BB680436174}
	EndGlobalSection
EndGlobal
